
Microsoft Visual Studio Solution File, Format Version 12.00
# Visual Studio 2013
VisualStudioVersion = 12.0.21005.1
MinimumVisualStudioVersion = 10.0.40219.1
Project("{FAE04EC0-301F-11D3-BF4B-00C04F79EFBC}") = "LatexMathIDE", "LatexMathIDE\LatexMathIDE.csproj", "{B68AF757-04D9-4806-9C5F-4CA6C2AF2D43}"
EndProject
Project("{FAE04EC0-301F-11D3-BF4B-00C04F79EFBC}") = "Latex", "Latex\Latex.csproj", "{2360B12A-5926-48B5-8AE8-D262C03A9D8C}"
EndProject
Project("{FAE04EC0-301F-11D3-BF4B-00C04F79EFBC}") = "SymbolExporter", "SymbolExporter\SymbolExporter.csproj", "{D8F9DEDB-5F94-4E25-939E-A46762A090BE}"
EndProject
Project("{FAE04EC0-301F-11D3-BF4B-00C04F79EFBC}") = "ImageHelpers", "ImageHelpers\ImageHelpers.csproj", "{6B0D8DEB-EB0E-48EB-8853-CC6E58DCBDCB}"
EndProject
Global
	GlobalSection(SolutionConfigurationPlatforms) = preSolution
		Debug|Any CPU = Debug|Any CPU
		Debug|Mixed Platforms = Debug|Mixed Platforms
		Debug|x86 = Debug|x86
		Release|Any CPU = Release|Any CPU
		Release|Mixed Platforms = Release|Mixed Platforms
		Release|x86 = Release|x86
	EndGlobalSection
	GlobalSection(ProjectConfigurationPlatforms) = postSolution
		{B68AF757-04D9-4806-9C5F-4CA6C2AF2D43}.Debug|Any CPU.ActiveCfg = Debug|x86
		{B68AF757-04D9-4806-9C5F-4CA6C2AF2D43}.Debug|Mixed Platforms.ActiveCfg = Debug|x86
		{B68AF757-04D9-4806-9C5F-4CA6C2AF2D43}.Debug|Mixed Platforms.Build.0 = Debug|x86
		{B68AF757-04D9-4806-9C5F-4CA6C2AF2D43}.Debug|x86.ActiveCfg = Debug|x86
		{B68AF757-04D9-4806-9C5F-4CA6C2AF2D43}.Debug|x86.Build.0 = Debug|x86
		{B68AF757-04D9-4806-9C5F-4CA6C2AF2D43}.Release|Any CPU.ActiveCfg = Release|x86
		{B68AF757-04D9-4806-9C5F-4CA6C2AF2D43}.Release|Mixed Platforms.ActiveCfg = Release|x86
		{B68AF757-04D9-4806-9C5F-4CA6C2AF2D43}.Release|Mixed Platforms.Build.0 = Release|x86
		{B68AF757-04D9-4806-9C5F-4CA6C2AF2D43}.Release|x86.ActiveCfg = Release|x86
		{B68AF757-04D9-4806-9C5F-4CA6C2AF2D43}.Release|x86.Build.0 = Release|x86
		{2360B12A-5926-48B5-8AE8-D262C03A9D8C}.Debug|Any CPU.ActiveCfg = Debug|Any CPU
		{2360B12A-5926-48B5-8AE8-D262C03A9D8C}.Debug|Any CPU.Build.0 = Debug|Any CPU
		{2360B12A-5926-48B5-8AE8-D262C03A9D8C}.Debug|Mixed Platforms.ActiveCfg = Debug|Any CPU
		{2360B12A-5926-48B5-8AE8-D262C03A9D8C}.Debug|Mixed Platforms.Build.0 = Debug|Any CPU
		{2360B12A-5926-48B5-8AE8-D262C03A9D8C}.Debug|x86.ActiveCfg = Debug|Any CPU
		{2360B12A-5926-48B5-8AE8-D262C03A9D8C}.Release|Any CPU.ActiveCfg = Release|Any CPU
		{2360B12A-5926-48B5-8AE8-D262C03A9D8C}.Release|Any CPU.Build.0 = Release|Any CPU
		{2360B12A-5926-48B5-8AE8-D262C03A9D8C}.Release|Mixed Platforms.ActiveCfg = Release|Any CPU
		{2360B12A-5926-48B5-8AE8-D262C03A9D8C}.Release|Mixed Platforms.Build.0 = Release|Any CPU
		{2360B12A-5926-48B5-8AE8-D262C03A9D8C}.Release|x86.ActiveCfg = Release|Any CPU
		{D8F9DEDB-5F94-4E25-939E-A46762A090BE}.Debug|Any CPU.ActiveCfg = Debug|x86
		{D8F9DEDB-5F94-4E25-939E-A46762A090BE}.Debug|Mixed Platforms.ActiveCfg = Debug|x86
		{D8F9DEDB-5F94-4E25-939E-A46762A090BE}.Debug|Mixed Platforms.Build.0 = Debug|x86
		{D8F9DEDB-5F94-4E25-939E-A46762A090BE}.Debug|x86.ActiveCfg = Debug|x86
		{D8F9DEDB-5F94-4E25-939E-A46762A090BE}.Debug|x86.Build.0 = Debug|x86
		{D8F9DEDB-5F94-4E25-939E-A46762A090BE}.Release|Any CPU.ActiveCfg = Release|x86
		{D8F9DEDB-5F94-4E25-939E-A46762A090BE}.Release|Mixed Platforms.ActiveCfg = Release|x86
		{D8F9DEDB-5F94-4E25-939E-A46762A090BE}.Release|Mixed Platforms.Build.0 = Release|x86
		{D8F9DEDB-5F94-4E25-939E-A46762A090BE}.Release|x86.ActiveCfg = Release|x86
		{D8F9DEDB-5F94-4E25-939E-A46762A090BE}.Release|x86.Build.0 = Release|x86
		{6B0D8DEB-EB0E-48EB-8853-CC6E58DCBDCB}.Debug|Any CPU.ActiveCfg = Debug|Any CPU
		{6B0D8DEB-EB0E-48EB-8853-CC6E58DCBDCB}.Debug|Any CPU.Build.0 = Debug|Any CPU
		{6B0D8DEB-EB0E-48EB-8853-CC6E58DCBDCB}.Debug|Mixed Platforms.ActiveCfg = Debug|Any CPU
		{6B0D8DEB-EB0E-48EB-8853-CC6E58DCBDCB}.Debug|Mixed Platforms.Build.0 = Debug|Any CPU
		{6B0D8DEB-EB0E-48EB-8853-CC6E58DCBDCB}.Debug|x86.ActiveCfg = Debug|Any CPU
		{6B0D8DEB-EB0E-48EB-8853-CC6E58DCBDCB}.Release|Any CPU.ActiveCfg = Release|Any CPU
		{6B0D8DEB-EB0E-48EB-8853-CC6E58DCBDCB}.Release|Any CPU.Build.0 = Release|Any CPU
		{6B0D8DEB-EB0E-48EB-8853-CC6E58DCBDCB}.Release|Mixed Platforms.ActiveCfg = Release|Any CPU
		{6B0D8DEB-EB0E-48EB-8853-CC6E58DCBDCB}.Release|Mixed Platforms.Build.0 = Release|Any CPU
		{6B0D8DEB-EB0E-48EB-8853-CC6E58DCBDCB}.Release|x86.ActiveCfg = Release|Any CPU
	EndGlobalSection
	GlobalSection(SolutionProperties) = preSolution
		HideSolutionNode = FALSE
	EndGlobalSection
EndGlobal
